// !$*UTF8*$!
{
	archiveVersion = 1;
	classes = {
	};
	objectVersion = 77;
	objects = {

/* Begin PBXBuildFile section */
		9932A8342E823CC2001C0FFE /* DevReader.swift in Sources */ = {isa = PBXBuildFile; fileRef = 9932A8332E823CB4001C0FFE /* DevReader.swift */; };
		A00100012F00000000000001 /* Models/NoteItem.swift in Sources */ = {isa = PBXBuildFile; fileRef = A00100002F00000000000001 /* Models/NoteItem.swift */; };
		A00100032F00000000000001 /* Models/LibraryItem.swift in Sources */ = {isa = PBXBuildFile; fileRef = A00100022F00000000000001 /* Models/LibraryItem.swift */; };
		A00100052F00000000000001 /* Models/SessionData.swift in Sources */ = {isa = PBXBuildFile; fileRef = A00100042F00000000000001 /* Models/SessionData.swift */; };
		A00100072F00000000000001 /* ViewModels/PDFController.swift in Sources */ = {isa = PBXBuildFile; fileRef = A00100062F00000000000001 /* ViewModels/PDFController.swift */; };
		A00100092F00000000000001 /* ViewModels/NotesStore.swift in Sources */ = {isa = PBXBuildFile; fileRef = A00100082F00000000000001 /* ViewModels/NotesStore.swift */; };
		A001000B2F00000000000001 /* ViewModels/LibraryStore.swift in Sources */ = {isa = PBXBuildFile; fileRef = A001000A2F00000000000001 /* ViewModels/LibraryStore.swift */; };
		A001000D2F00000000000001 /* Views/Notes/NotesPane.swift in Sources */ = {isa = PBXBuildFile; fileRef = A001000C2F00000000000001 /* Views/Notes/NotesPane.swift */; };
		A001000F2F00000000000001 /* Views/Notes/NoteRow.swift in Sources */ = {isa = PBXBuildFile; fileRef = A001000E2F00000000000001 /* Views/Notes/NoteRow.swift */; };
		A00100112F00000000000001 /* Views/PDF/PDFViewRepresentable.swift in Sources */ = {isa = PBXBuildFile; fileRef = A00100102F00000000000001 /* Views/PDF/PDFViewRepresentable.swift */; };
		A00100132F00000000000001 /* Views/PDF/PDFPane.swift in Sources */ = {isa = PBXBuildFile; fileRef = A00100122F00000000000001 /* Views/PDF/PDFPane.swift */; };
		A00100152F00000000000001 /* Views/Library/LibraryPane.swift in Sources */ = {isa = PBXBuildFile; fileRef = A00100142F00000000000001 /* Views/Library/LibraryPane.swift */; };
		A00100172F00000000000001 /* App/DevReaderApp.swift in Sources */ = {isa = PBXBuildFile; fileRef = A00100162F00000000000001 /* App/DevReaderApp.swift */; };
		A00100192F00000000000001 /* App/ContentView.swift in Sources */ = {isa = PBXBuildFile; fileRef = A00100182F00000000000001 /* App/ContentView.swift */; };
		A001001B2F00000000000001 /* Views/Web/WebPane.swift in Sources */ = {isa = PBXBuildFile; fileRef = A001001A2F00000000000001 /* Views/Web/WebPane.swift */; };
		A001001D2F00000000000001 /* Views/Code/CodePane.swift in Sources */ = {isa = PBXBuildFile; fileRef = A001001C2F00000000000001 /* Views/Code/CodePane.swift */; };
		A001001F2F00000000000001 /* Views/Sketch/Sketch.swift in Sources */ = {isa = PBXBuildFile; fileRef = A001001E2F00000000000001 /* Views/Sketch/Sketch.swift */; };
		A00100212F00000000000001 /* Views/Settings/SettingsView.swift in Sources */ = {isa = PBXBuildFile; fileRef = A00100202F00000000000001 /* Views/Settings/SettingsView.swift */; };
		A00100232F00000000000001 /* Views/Onboarding/OnboardingView.swift in Sources */ = {isa = PBXBuildFile; fileRef = A00100222F00000000000001 /* Views/Onboarding/OnboardingView.swift */; };
		A00100252F00000000000001 /* Utils/Extensions.swift in Sources */ = {isa = PBXBuildFile; fileRef = A00100242F00000000000001 /* Utils/Extensions.swift */; };
		A00100272F00000000000001 /* Utils/Shell.swift in Sources */ = {isa = PBXBuildFile; fileRef = A00100262F00000000000001 /* Utils/Shell.swift */; };
		A00100292F00000000000001 /* Services/PersistenceService.swift in Sources */ = {isa = PBXBuildFile; fileRef = A00100282F00000000000001 /* Services/PersistenceService.swift */; };
		A001002B2F00000000000001 /* Services/FileService.swift in Sources */ = {isa = PBXBuildFile; fileRef = A001002A2F00000000000001 /* Services/FileService.swift */; };
		A001002D2F00000000000001 /* Services/AnnotationService.swift in Sources */ = {isa = PBXBuildFile; fileRef = A001002C2F00000000000001 /* Services/AnnotationService.swift */; };
		A001002E2F00000000000001 /* Services/ErrorRecoveryService.swift in Sources */ = {isa = PBXBuildFile; fileRef = A001002F2F00000000000001 /* Services/ErrorRecoveryService.swift */; };
		A00100302F00000000000001 /* Views/PDF/OutlinePane.swift in Sources */ = {isa = PBXBuildFile; fileRef = A00100312F00000000000001 /* Views/PDF/OutlinePane.swift */; };
		A00100322F00000000000001 /* Views/UI/CompactLayoutView.swift in Sources */ = {isa = PBXBuildFile; fileRef = A00100332F00000000000001 /* Views/UI/CompactLayoutView.swift */; };
		A00100342F00000000000001 /* Views/UI/FullLayoutView.swift in Sources */ = {isa = PBXBuildFile; fileRef = A00100352F00000000000001 /* Views/UI/FullLayoutView.swift */; };
		A00100392F00000000000001 /* Services/JSONStorageService.swift in Sources */ = {isa = PBXBuildFile; fileRef = A001003A2F00000000000001 /* Services/JSONStorageService.swift */; };
		A00100472F00000000000001 /* Services/CrashReportingService.swift in Sources */ = {isa = PBXBuildFile; fileRef = A00100482F00000000000001 /* Services/CrashReportingService.swift */; };
		A001004A2F00000000000001 /* Views/Help/HelpView.swift in Sources */ = {isa = PBXBuildFile; fileRef = A00100492F00000000000001 /* Views/Help/HelpView.swift */; };
		A001003B2F00000000000001 /* Utils/LoadingStates.swift in Sources */ = {isa = PBXBuildFile; fileRef = A001003C2F00000000000001 /* Utils/LoadingStates.swift */; };
		A001003D2F00000000000001 /* Views/UI/ModernHeaderView.swift in Sources */ = {isa = PBXBuildFile; fileRef = A001003E2F00000000000001 /* Views/UI/ModernHeaderView.swift */; };
		A001003F2F00000000000001 /* Views/Settings/ModernSettingsView.swift in Sources */ = {isa = PBXBuildFile; fileRef = A00100402F00000000000001 /* Views/Settings/ModernSettingsView.swift */; };
		A00100432F00000000000001 /* Utils/LargePDFPerformanceMonitor.swift in Sources */ = {isa = PBXBuildFile; fileRef = A00100442F00000000000001 /* Utils/LargePDFPerformanceMonitor.swift */; };
		A00100452F00000000000001 /* Views/Settings/LargePDFTestView.swift in Sources */ = {isa = PBXBuildFile; fileRef = A00100462F00000000000001 /* Views/Settings/LargePDFTestView.swift */; };
		A001004B2F00000000000001 /* Utils/ErrorMessageManager.swift in Sources */ = {isa = PBXBuildFile; fileRef = A001004C2F00000000000001 /* Utils/ErrorMessageManager.swift */; };
		A001004D2F00000000000001 /* Utils/EnhancedToastCenter.swift in Sources */ = {isa = PBXBuildFile; fileRef = A001004E2F00000000000001 /* Utils/EnhancedToastCenter.swift */; };
/* End PBXBuildFile section */

/* Begin PBXContainerItemProxy section */
		9932A8172E823C67001C0FFE /* PBXContainerItemProxy */ = {
			isa = PBXContainerItemProxy;
			containerPortal = 9932A8012E823C66001C0FFE /* Project object */;
			proxyType = 1;
			remoteGlobalIDString = 9932A8082E823C66001C0FFE;
			remoteInfo = DevReader;
		};
		9932A8212E823C67001C0FFE /* PBXContainerItemProxy */ = {
			isa = PBXContainerItemProxy;
			containerPortal = 9932A8012E823C66001C0FFE /* Project object */;
			proxyType = 1;
			remoteGlobalIDString = 9932A8082E823C66001C0FFE;
			remoteInfo = DevReader;
		};
/* End PBXContainerItemProxy section */

/* Begin PBXFileReference section */
		9932A8092E823C66001C0FFE /* DevReader.app */ = {isa = PBXFileReference; explicitFileType = wrapper.application; includeInIndex = 0; path = DevReader.app; sourceTree = BUILT_PRODUCTS_DIR; };
		9932A8162E823C67001C0FFE /* DevReaderTests.xctest */ = {isa = PBXFileReference; explicitFileType = wrapper.cfbundle; includeInIndex = 0; path = DevReaderTests.xctest; sourceTree = BUILT_PRODUCTS_DIR; };
		9932A8202E823C67001C0FFE /* DevReaderUITests.xctest */ = {isa = PBXFileReference; explicitFileType = wrapper.cfbundle; includeInIndex = 0; path = DevReaderUITests.xctest; sourceTree = BUILT_PRODUCTS_DIR; };
		9932A8332E823CB4001C0FFE /* DevReader.swift */ = {isa = PBXFileReference; lastKnownFileType = sourcecode.swift; path = DevReader.swift; sourceTree = "<group>"; };
		A00100002F00000000000001 /* Models/NoteItem.swift */ = {isa = PBXFileReference; lastKnownFileType = sourcecode.swift; path = Models/NoteItem.swift; sourceTree = "<group>"; };
		A00100022F00000000000001 /* Models/LibraryItem.swift */ = {isa = PBXFileReference; lastKnownFileType = sourcecode.swift; path = Models/LibraryItem.swift; sourceTree = "<group>"; };
		A00100042F00000000000001 /* Models/SessionData.swift */ = {isa = PBXFileReference; lastKnownFileType = sourcecode.swift; path = Models/SessionData.swift; sourceTree = "<group>"; };
		A00100062F00000000000001 /* ViewModels/PDFController.swift */ = {isa = PBXFileReference; lastKnownFileType = sourcecode.swift; path = ViewModels/PDFController.swift; sourceTree = "<group>"; };
		A00100082F00000000000001 /* ViewModels/NotesStore.swift */ = {isa = PBXFileReference; lastKnownFileType = sourcecode.swift; path = ViewModels/NotesStore.swift; sourceTree = "<group>"; };
		A001000A2F00000000000001 /* ViewModels/LibraryStore.swift */ = {isa = PBXFileReference; lastKnownFileType = sourcecode.swift; path = ViewModels/LibraryStore.swift; sourceTree = "<group>"; };
		A001000C2F00000000000001 /* Views/Notes/NotesPane.swift */ = {isa = PBXFileReference; lastKnownFileType = sourcecode.swift; path = Views/Notes/NotesPane.swift; sourceTree = "<group>"; };
		A001000E2F00000000000001 /* Views/Notes/NoteRow.swift */ = {isa = PBXFileReference; lastKnownFileType = sourcecode.swift; path = Views/Notes/NoteRow.swift; sourceTree = "<group>"; };
		A00100102F00000000000001 /* Views/PDF/PDFViewRepresentable.swift */ = {isa = PBXFileReference; lastKnownFileType = sourcecode.swift; path = Views/PDF/PDFViewRepresentable.swift; sourceTree = "<group>"; };
		A00100122F00000000000001 /* Views/PDF/PDFPane.swift */ = {isa = PBXFileReference; lastKnownFileType = sourcecode.swift; path = Views/PDF/PDFPane.swift; sourceTree = "<group>"; };
		A00100142F00000000000001 /* Views/Library/LibraryPane.swift */ = {isa = PBXFileReference; lastKnownFileType = sourcecode.swift; path = Views/Library/LibraryPane.swift; sourceTree = "<group>"; };
		A00100162F00000000000001 /* App/DevReaderApp.swift */ = {isa = PBXFileReference; lastKnownFileType = sourcecode.swift; path = App/DevReaderApp.swift; sourceTree = "<group>"; };
		A00100182F00000000000001 /* App/ContentView.swift */ = {isa = PBXFileReference; lastKnownFileType = sourcecode.swift; path = App/ContentView.swift; sourceTree = "<group>"; };
		A001001A2F00000000000001 /* Views/Web/WebPane.swift */ = {isa = PBXFileReference; lastKnownFileType = sourcecode.swift; path = Views/Web/WebPane.swift; sourceTree = "<group>"; };
		A001001C2F00000000000001 /* Views/Code/CodePane.swift */ = {isa = PBXFileReference; lastKnownFileType = sourcecode.swift; path = Views/Code/CodePane.swift; sourceTree = "<group>"; };
		A001001E2F00000000000001 /* Views/Sketch/Sketch.swift */ = {isa = PBXFileReference; lastKnownFileType = sourcecode.swift; path = Views/Sketch/Sketch.swift; sourceTree = "<group>"; };
		A00100202F00000000000001 /* Views/Settings/SettingsView.swift */ = {isa = PBXFileReference; lastKnownFileType = sourcecode.swift; path = Views/Settings/SettingsView.swift; sourceTree = "<group>"; };
		A00100222F00000000000001 /* Views/Onboarding/OnboardingView.swift */ = {isa = PBXFileReference; lastKnownFileType = sourcecode.swift; path = Views/Onboarding/OnboardingView.swift; sourceTree = "<group>"; };
		A00100242F00000000000001 /* Utils/Extensions.swift */ = {isa = PBXFileReference; lastKnownFileType = sourcecode.swift; path = Utils/Extensions.swift; sourceTree = "<group>"; };
		A00100262F00000000000001 /* Utils/Shell.swift */ = {isa = PBXFileReference; lastKnownFileType = sourcecode.swift; path = Utils/Shell.swift; sourceTree = "<group>"; };
		A00100282F00000000000001 /* Services/PersistenceService.swift */ = {isa = PBXFileReference; lastKnownFileType = sourcecode.swift; path = Services/PersistenceService.swift; sourceTree = "<group>"; };
		A001002A2F00000000000001 /* Services/FileService.swift */ = {isa = PBXFileReference; lastKnownFileType = sourcecode.swift; path = Services/FileService.swift; sourceTree = "<group>"; };
		A001002C2F00000000000001 /* Services/AnnotationService.swift */ = {isa = PBXFileReference; lastKnownFileType = sourcecode.swift; path = Services/AnnotationService.swift; sourceTree = "<group>"; };
		A001002F2F00000000000001 /* Services/ErrorRecoveryService.swift */ = {isa = PBXFileReference; lastKnownFileType = sourcecode.swift; path = Services/ErrorRecoveryService.swift; sourceTree = "<group>"; };
		A00100312F00000000000001 /* Views/PDF/OutlinePane.swift */ = {isa = PBXFileReference; lastKnownFileType = sourcecode.swift; path = Views/PDF/OutlinePane.swift; sourceTree = "<group>"; };
		A00100332F00000000000001 /* Views/UI/CompactLayoutView.swift */ = {isa = PBXFileReference; lastKnownFileType = sourcecode.swift; path = Views/UI/CompactLayoutView.swift; sourceTree = "<group>"; };
		A00100352F00000000000001 /* Views/UI/FullLayoutView.swift */ = {isa = PBXFileReference; lastKnownFileType = sourcecode.swift; path = Views/UI/FullLayoutView.swift; sourceTree = "<group>"; };
		A00100362F00000000000001 /* DevReader.entitlements */ = {isa = PBXFileReference; lastKnownFileType = text.xml; path = DevReader.entitlements; sourceTree = "<group>"; };
		A001003A2F00000000000001 /* Services/JSONStorageService.swift */ = {isa = PBXFileReference; lastKnownFileType = sourcecode.swift; path = Services/JSONStorageService.swift; sourceTree = "<group>"; };
		A001003C2F00000000000001 /* Utils/LoadingStates.swift */ = {isa = PBXFileReference; lastKnownFileType = sourcecode.swift; path = Utils/LoadingStates.swift; sourceTree = "<group>"; };
		A001003E2F00000000000001 /* Views/UI/ModernHeaderView.swift */ = {isa = PBXFileReference; lastKnownFileType = sourcecode.swift; path = Views/UI/ModernHeaderView.swift; sourceTree = "<group>"; };
		A00100402F00000000000001 /* Views/Settings/ModernSettingsView.swift */ = {isa = PBXFileReference; lastKnownFileType = sourcecode.swift; path = Views/Settings/ModernSettingsView.swift; sourceTree = "<group>"; };
		A00100442F00000000000001 /* Utils/LargePDFPerformanceMonitor.swift */ = {isa = PBXFileReference; lastKnownFileType = sourcecode.swift; path = Utils/LargePDFPerformanceMonitor.swift; sourceTree = "<group>"; };
		A00100462F00000000000001 /* Views/Settings/LargePDFTestView.swift */ = {isa = PBXFileReference; lastKnownFileType = sourcecode.swift; path = Views/Settings/LargePDFTestView.swift; sourceTree = "<group>"; };
		A00100482F00000000000001 /* Services/CrashReportingService.swift */ = {isa = PBXFileReference; lastKnownFileType = sourcecode.swift; path = Services/CrashReportingService.swift; sourceTree = "<group>"; };
		A00100492F00000000000001 /* Views/Help/HelpView.swift */ = {isa = PBXFileReference; lastKnownFileType = sourcecode.swift; path = Views/Help/HelpView.swift; sourceTree = "<group>"; };
		A001004C2F00000000000001 /* Utils/ErrorMessageManager.swift */ = {isa = PBXFileReference; lastKnownFileType = sourcecode.swift; path = Utils/ErrorMessageManager.swift; sourceTree = "<group>"; };
		A001004E2F00000000000001 /* Utils/EnhancedToastCenter.swift */ = {isa = PBXFileReference; lastKnownFileType = sourcecode.swift; path = Utils/EnhancedToastCenter.swift; sourceTree = "<group>"; };
/* End PBXFileReference section */

/* Begin PBXFileSystemSynchronizedRootGroup section */
		9932A80B2E823C66001C0FFE /* DevReader */ = {
			isa = PBXFileSystemSynchronizedRootGroup;
			path = DevReader;
			sourceTree = "<group>";
		};
		9932A8192E823C67001C0FFE /* DevReaderTests */ = {
			isa = PBXFileSystemSynchronizedRootGroup;
			path = DevReaderTests;
			sourceTree = "<group>";
		};
		9932A8232E823C67001C0FFE /* DevReaderUITests */ = {
			isa = PBXFileSystemSynchronizedRootGroup;
			path = DevReaderUITests;
			sourceTree = "<group>";
		};
/* End PBXFileSystemSynchronizedRootGroup section */

/* Begin PBXFrameworksBuildPhase section */
		9932A8062E823C66001C0FFE /* Frameworks */ = {
			isa = PBXFrameworksBuildPhase;
			buildActionMask = 2147483647;
			files = (
			);
			runOnlyForDeploymentPostprocessing = 0;
		};
		9932A8132E823C67001C0FFE /* Frameworks */ = {
			isa = PBXFrameworksBuildPhase;
			buildActionMask = 2147483647;
			files = (
			);
			runOnlyForDeploymentPostprocessing = 0;
		};
		9932A81D2E823C67001C0FFE /* Frameworks */ = {
			isa = PBXFrameworksBuildPhase;
			buildActionMask = 2147483647;
			files = (
			);
			runOnlyForDeploymentPostprocessing = 0;
		};
/* End PBXFrameworksBuildPhase section */

/* Begin PBXGroup section */
		992F8BFF2E872E97009B2628 /* Recovered References */ = {
			isa = PBXGroup;
			children = (
				A001003A2F00000000000001 /* Services/JSONStorageService.swift */,
				A00100482F00000000000001 /* Services/CrashReportingService.swift */,
				A00100492F00000000000001 /* Views/Help/HelpView.swift */,
			);
			name = "Recovered References";
			sourceTree = "<group>";
		};
		9932A8002E823C66001C0FFE = {
			isa = PBXGroup;
			children = (
				A00100282F00000000000001 /* Services/PersistenceService.swift */,
				A001002A2F00000000000001 /* Services/FileService.swift */,
				A001002C2F00000000000001 /* Services/AnnotationService.swift */,
				A001002F2F00000000000001 /* Services/ErrorRecoveryService.swift */,
				A00100162F00000000000001 /* App/DevReaderApp.swift */,
				A00100182F00000000000001 /* App/ContentView.swift */,
				9932A8332E823CB4001C0FFE /* DevReader.swift */,
				A001001A2F00000000000001 /* Views/Web/WebPane.swift */,
				A001001C2F00000000000001 /* Views/Code/CodePane.swift */,
				A001001E2F00000000000001 /* Views/Sketch/Sketch.swift */,
				A00100202F00000000000001 /* Views/Settings/SettingsView.swift */,
				A00100422F00000000000001 /* Views/Settings/LargePDFTestView.swift */,
				A00100222F00000000000001 /* Views/Onboarding/OnboardingView.swift */,
				A00100242F00000000000001 /* Utils/Extensions.swift */,
				A00100262F00000000000001 /* Utils/Shell.swift */,
				A001003C2F00000000000001 /* Utils/LoadingStates.swift */,
				A00100402F00000000000001 /* Utils/LargePDFPerformanceMonitor.swift */,
				A00100002F00000000000001 /* Models/NoteItem.swift */,
				A00100022F00000000000001 /* Models/LibraryItem.swift */,
				A00100042F00000000000001 /* Models/SessionData.swift */,
				A00100062F00000000000001 /* ViewModels/PDFController.swift */,
				A00100082F00000000000001 /* ViewModels/NotesStore.swift */,
				A001000A2F00000000000001 /* ViewModels/LibraryStore.swift */,
				A001000C2F00000000000001 /* Views/Notes/NotesPane.swift */,
				A001000E2F00000000000001 /* Views/Notes/NoteRow.swift */,
				A00100102F00000000000001 /* Views/PDF/PDFViewRepresentable.swift */,
				A00100122F00000000000001 /* Views/PDF/PDFPane.swift */,
				A00100312F00000000000001 /* Views/PDF/OutlinePane.swift */,
				A00100332F00000000000001 /* Views/UI/CompactLayoutView.swift */,
				A00100352F00000000000001 /* Views/UI/FullLayoutView.swift */,
				A00100142F00000000000001 /* Views/Library/LibraryPane.swift */,
				A00100362F00000000000001 /* DevReader.entitlements */,
				9932A80B2E823C66001C0FFE /* DevReader */,
				9932A8192E823C67001C0FFE /* DevReaderTests */,
				9932A8232E823C67001C0FFE /* DevReaderUITests */,
				9932A80A2E823C66001C0FFE /* Products */,
				992F8BFF2E872E97009B2628 /* Recovered References */,
			);
			sourceTree = "<group>";
		};
		9932A80A2E823C66001C0FFE /* Products */ = {
			isa = PBXGroup;
			children = (
				9932A8092E823C66001C0FFE /* DevReader.app */,
				9932A8162E823C67001C0FFE /* DevReaderTests.xctest */,
				9932A8202E823C67001C0FFE /* DevReaderUITests.xctest */,
			);
			name = Products;
			sourceTree = "<group>";
		};
/* End PBXGroup section */

/* Begin PBXNativeTarget section */
		9932A8082E823C66001C0FFE /* DevReader */ = {
			isa = PBXNativeTarget;
			buildConfigurationList = 9932A82A2E823C67001C0FFE /* Build configuration list for PBXNativeTarget "DevReader" */;
			buildPhases = (
				9932A8052E823C66001C0FFE /* Sources */,
				9932A8062E823C66001C0FFE /* Frameworks */,
				9932A8072E823C66001C0FFE /* Resources */,
			);
			buildRules = (
			);
			dependencies = (
			);
			fileSystemSynchronizedGroups = (
				9932A80B2E823C66001C0FFE /* DevReader */,
			);
			name = DevReader;
			packageProductDependencies = (
			);
			productName = DevReader;
			productReference = 9932A8092E823C66001C0FFE /* DevReader.app */;
			productType = "com.apple.product-type.application";
		};
		9932A8152E823C67001C0FFE /* DevReaderTests */ = {
			isa = PBXNativeTarget;
			buildConfigurationList = 9932A82D2E823C67001C0FFE /* Build configuration list for PBXNativeTarget "DevReaderTests" */;
			buildPhases = (
				9932A8122E823C67001C0FFE /* Sources */,
				9932A8132E823C67001C0FFE /* Frameworks */,
				9932A8142E823C67001C0FFE /* Resources */,
			);
			buildRules = (
			);
			dependencies = (
				9932A8182E823C67001C0FFE /* PBXTargetDependency */,
			);
			fileSystemSynchronizedGroups = (
				9932A8192E823C67001C0FFE /* DevReaderTests */,
			);
			name = DevReaderTests;
			packageProductDependencies = (
			);
			productName = DevReaderTests;
			productReference = 9932A8162E823C67001C0FFE /* DevReaderTests.xctest */;
			productType = "com.apple.product-type.bundle.unit-test";
		};
		9932A81F2E823C67001C0FFE /* DevReaderUITests */ = {
			isa = PBXNativeTarget;
			buildConfigurationList = 9932A8302E823C67001C0FFE /* Build configuration list for PBXNativeTarget "DevReaderUITests" */;
			buildPhases = (
				9932A81C2E823C67001C0FFE /* Sources */,
				9932A81D2E823C67001C0FFE /* Frameworks */,
				9932A81E2E823C67001C0FFE /* Resources */,
			);
			buildRules = (
			);
			dependencies = (
				9932A8222E823C67001C0FFE /* PBXTargetDependency */,
			);
			fileSystemSynchronizedGroups = (
				9932A8232E823C67001C0FFE /* DevReaderUITests */,
			);
			name = DevReaderUITests;
			packageProductDependencies = (
			);
			productName = DevReaderUITests;
			productReference = 9932A8202E823C67001C0FFE /* DevReaderUITests.xctest */;
			productType = "com.apple.product-type.bundle.ui-testing";
		};
/* End PBXNativeTarget section */

/* Begin PBXProject section */
		9932A8012E823C66001C0FFE /* Project object */ = {
			isa = PBXProject;
			attributes = {
				BuildIndependentTargetsInParallel = 1;
				LastSwiftUpdateCheck = 2600;
				LastUpgradeCheck = 2600;
				TargetAttributes = {
					9932A8082E823C66001C0FFE = {
						CreatedOnToolsVersion = 26.0.1;
						LastSwiftMigration = 2600;
					};
					9932A8152E823C67001C0FFE = {
						CreatedOnToolsVersion = 26.0.1;
						TestTargetID = 9932A8082E823C66001C0FFE;
					};
					9932A81F2E823C67001C0FFE = {
						CreatedOnToolsVersion = 26.0.1;
						TestTargetID = 9932A8082E823C66001C0FFE;
					};
				};
			};
			buildConfigurationList = 9932A8042E823C66001C0FFE /* Build configuration list for PBXProject "DevReader" */;
			developmentRegion = en;
			hasScannedForEncodings = 0;
			knownRegions = (
				en,
				Base,
			);
			mainGroup = 9932A8002E823C66001C0FFE;
			minimizedProjectReferenceProxies = 1;
			preferredProjectObjectVersion = 77;
			productRefGroup = 9932A80A2E823C66001C0FFE /* Products */;
			projectDirPath = "";
			projectRoot = "";
			targets = (
				9932A8082E823C66001C0FFE /* DevReader */,
				9932A8152E823C67001C0FFE /* DevReaderTests */,
				9932A81F2E823C67001C0FFE /* DevReaderUITests */,
			);
		};
/* End PBXProject section */

/* Begin PBXResourcesBuildPhase section */
		9932A8072E823C66001C0FFE /* Resources */ = {
			isa = PBXResourcesBuildPhase;
			buildActionMask = 2147483647;
			files = (
			);
			runOnlyForDeploymentPostprocessing = 0;
		};
		9932A8142E823C67001C0FFE /* Resources */ = {
			isa = PBXResourcesBuildPhase;
			buildActionMask = 2147483647;
			files = (
			);
			runOnlyForDeploymentPostprocessing = 0;
		};
		9932A81E2E823C67001C0FFE /* Resources */ = {
			isa = PBXResourcesBuildPhase;
			buildActionMask = 2147483647;
			files = (
			);
			runOnlyForDeploymentPostprocessing = 0;
		};
/* End PBXResourcesBuildPhase section */

/* Begin PBXSourcesBuildPhase section */
		9932A8052E823C66001C0FFE /* Sources */ = {
			isa = PBXSourcesBuildPhase;
			buildActionMask = 2147483647;
			files = (
				9932A8342E823CC2001C0FFE /* DevReader.swift in Sources */,
				A00100012F00000000000001 /* Models/NoteItem.swift in Sources */,
				A00100032F00000000000001 /* Models/LibraryItem.swift in Sources */,
				A00100052F00000000000001 /* Models/SessionData.swift in Sources */,
				A00100072F00000000000001 /* ViewModels/PDFController.swift in Sources */,
				A00100092F00000000000001 /* ViewModels/NotesStore.swift in Sources */,
				A001000B2F00000000000001 /* ViewModels/LibraryStore.swift in Sources */,
				A001000D2F00000000000001 /* Views/Notes/NotesPane.swift in Sources */,
				A001000F2F00000000000001 /* Views/Notes/NoteRow.swift in Sources */,
				A00100112F00000000000001 /* Views/PDF/PDFViewRepresentable.swift in Sources */,
				A00100132F00000000000001 /* Views/PDF/PDFPane.swift in Sources */,
				A00100302F00000000000001 /* Views/PDF/OutlinePane.swift in Sources */,
				A00100322F00000000000001 /* Views/UI/CompactLayoutView.swift in Sources */,
				A00100342F00000000000001 /* Views/UI/FullLayoutView.swift in Sources */,
				A00100152F00000000000001 /* Views/Library/LibraryPane.swift in Sources */,
				A00100172F00000000000001 /* App/DevReaderApp.swift in Sources */,
				A00100192F00000000000001 /* App/ContentView.swift in Sources */,
				A001001B2F00000000000001 /* Views/Web/WebPane.swift in Sources */,
				A001001D2F00000000000001 /* Views/Code/CodePane.swift in Sources */,
				A001001F2F00000000000001 /* Views/Sketch/Sketch.swift in Sources */,
				A00100212F00000000000001 /* Views/Settings/SettingsView.swift in Sources */,
				A00100232F00000000000001 /* Views/Onboarding/OnboardingView.swift in Sources */,
				A00100252F00000000000001 /* Utils/Extensions.swift in Sources */,
				A00100272F00000000000001 /* Utils/Shell.swift in Sources */,
				A001003B2F00000000000001 /* Utils/LoadingStates.swift in Sources */,
				A001003D2F00000000000001 /* Views/UI/ModernHeaderView.swift in Sources */,
				A001003F2F00000000000001 /* Views/Settings/ModernSettingsView.swift in Sources */,
				A00100432F00000000000001 /* Utils/LargePDFPerformanceMonitor.swift in Sources */,
				A00100452F00000000000001 /* Views/Settings/LargePDFTestView.swift in Sources */,
				A00100292F00000000000001 /* Services/PersistenceService.swift in Sources */,
				A001002B2F00000000000001 /* Services/FileService.swift in Sources */,
				A001002D2F00000000000001 /* Services/AnnotationService.swift in Sources */,
				A001002E2F00000000000001 /* Services/ErrorRecoveryService.swift in Sources */,
				A00100392F00000000000001 /* Services/JSONStorageService.swift in Sources */,
				A00100472F00000000000001 /* Services/CrashReportingService.swift in Sources */,
				A001004A2F00000000000001 /* Views/Help/HelpView.swift in Sources */,
				A001004B2F00000000000001 /* Utils/ErrorMessageManager.swift in Sources */,
				A001004D2F00000000000001 /* Utils/EnhancedToastCenter.swift in Sources */,
			);
			runOnlyForDeploymentPostprocessing = 0;
		};
		9932A8122E823C67001C0FFE /* Sources */ = {
			isa = PBXSourcesBuildPhase;
			buildActionMask = 2147483647;
			files = (
			);
			runOnlyForDeploymentPostprocessing = 0;
		};
		9932A81C2E823C67001C0FFE /* Sources */ = {
			isa = PBXSourcesBuildPhase;
			buildActionMask = 2147483647;
			files = (
			);
			runOnlyForDeploymentPostprocessing = 0;
		};
/* End PBXSourcesBuildPhase section */

/* Begin PBXTargetDependency section */
		9932A8182E823C67001C0FFE /* PBXTargetDependency */ = {
			isa = PBXTargetDependency;
			target = 9932A8082E823C66001C0FFE /* DevReader */;
			targetProxy = 9932A8172E823C67001C0FFE /* PBXContainerItemProxy */;
		};
		9932A8222E823C67001C0FFE /* PBXTargetDependency */ = {
			isa = PBXTargetDependency;
			target = 9932A8082E823C66001C0FFE /* DevReader */;
			targetProxy = 9932A8212E823C67001C0FFE /* PBXContainerItemProxy */;
		};
/* End PBXTargetDependency section */

/* Begin XCBuildConfiguration section */
		9932A8282E823C67001C0FFE /* Debug */ = {
			isa = XCBuildConfiguration;
			buildSettings = {
				ALWAYS_SEARCH_USER_PATHS = NO;
				ASSETCATALOG_COMPILER_GENERATE_SWIFT_ASSET_SYMBOL_EXTENSIONS = YES;
				CLANG_ANALYZER_NONNULL = YES;
				CLANG_ANALYZER_NUMBER_OBJECT_CONVERSION = YES_AGGRESSIVE;
				CLANG_CXX_LANGUAGE_STANDARD = "gnu++20";
				CLANG_ENABLE_MODULES = YES;
				CLANG_ENABLE_OBJC_ARC = YES;
				CLANG_ENABLE_OBJC_WEAK = YES;
				CLANG_WARN_BLOCK_CAPTURE_AUTORELEASING = YES;
				CLANG_WARN_BOOL_CONVERSION = YES;
				CLANG_WARN_COMMA = YES;
				CLANG_WARN_CONSTANT_CONVERSION = YES;
				CLANG_WARN_DEPRECATED_OBJC_IMPLEMENTATIONS = YES;
				CLANG_WARN_DIRECT_OBJC_ISA_USAGE = YES_ERROR;
				CLANG_WARN_DOCUMENTATION_COMMENTS = YES;
				CLANG_WARN_EMPTY_BODY = YES;
				CLANG_WARN_ENUM_CONVERSION = YES;
				CLANG_WARN_INFINITE_RECURSION = YES;
				CLANG_WARN_INT_CONVERSION = YES;
				CLANG_WARN_NON_LITERAL_NULL_CONVERSION = YES;
				CLANG_WARN_OBJC_IMPLICIT_RETAIN_SELF = YES;
				CLANG_WARN_OBJC_LITERAL_CONVERSION = YES;
				CLANG_WARN_OBJC_ROOT_CLASS = YES_ERROR;
				CLANG_WARN_QUOTED_INCLUDE_IN_FRAMEWORK_HEADER = YES;
				CLANG_WARN_RANGE_LOOP_ANALYSIS = YES;
				CLANG_WARN_STRICT_PROTOTYPES = YES;
				CLANG_WARN_SUSPICIOUS_MOVE = YES;
				CLANG_WARN_UNGUARDED_AVAILABILITY = YES_AGGRESSIVE;
				CLANG_WARN_UNREACHABLE_CODE = YES;
				CLANG_WARN__DUPLICATE_METHOD_MATCH = YES;
				COPY_PHASE_STRIP = NO;
				DEBUG_INFORMATION_FORMAT = dwarf;
				ENABLE_STRICT_OBJC_MSGSEND = YES;
				ENABLE_TESTABILITY = YES;
				ENABLE_USER_SCRIPT_SANDBOXING = YES;
				GCC_C_LANGUAGE_STANDARD = gnu17;
				GCC_DYNAMIC_NO_PIC = NO;
				GCC_NO_COMMON_BLOCKS = YES;
				GCC_OPTIMIZATION_LEVEL = 0;
				GCC_PREPROCESSOR_DEFINITIONS = (
					"DEBUG=1",
					"$(inherited)",
				);
				GCC_WARN_64_TO_32_BIT_CONVERSION = YES;
				GCC_WARN_ABOUT_RETURN_TYPE = YES_ERROR;
				GCC_WARN_UNDECLARED_SELECTOR = YES;
				GCC_WARN_UNINITIALIZED_AUTOS = YES_AGGRESSIVE;
				GCC_WARN_UNUSED_FUNCTION = YES;
				GCC_WARN_UNUSED_VARIABLE = YES;
				LOCALIZATION_PREFERS_STRING_CATALOGS = YES;
				MACOSX_DEPLOYMENT_TARGET = 15.6;
				MTL_ENABLE_DEBUG_INFO = INCLUDE_SOURCE;
				MTL_FAST_MATH = YES;
				ONLY_ACTIVE_ARCH = YES;
				SDKROOT = macosx;
				SWIFT_ACTIVE_COMPILATION_CONDITIONS = "DEBUG $(inherited)";
				SWIFT_OPTIMIZATION_LEVEL = "-Onone";
			};
			name = Debug;
		};
		9932A8292E823C67001C0FFE /* Release */ = {
			isa = XCBuildConfiguration;
			buildSettings = {
				ALWAYS_SEARCH_USER_PATHS = NO;
				ASSETCATALOG_COMPILER_GENERATE_SWIFT_ASSET_SYMBOL_EXTENSIONS = YES;
				CLANG_ANALYZER_NONNULL = YES;
				CLANG_ANALYZER_NUMBER_OBJECT_CONVERSION = YES_AGGRESSIVE;
				CLANG_CXX_LANGUAGE_STANDARD = "gnu++20";
				CLANG_ENABLE_MODULES = YES;
				CLANG_ENABLE_OBJC_ARC = YES;
				CLANG_ENABLE_OBJC_WEAK = YES;
				CLANG_WARN_BLOCK_CAPTURE_AUTORELEASING = YES;
				CLANG_WARN_BOOL_CONVERSION = YES;
				CLANG_WARN_COMMA = YES;
				CLANG_WARN_CONSTANT_CONVERSION = YES;
				CLANG_WARN_DEPRECATED_OBJC_IMPLEMENTATIONS = YES;
				CLANG_WARN_DIRECT_OBJC_ISA_USAGE = YES_ERROR;
				CLANG_WARN_DOCUMENTATION_COMMENTS = YES;
				CLANG_WARN_EMPTY_BODY = YES;
				CLANG_WARN_ENUM_CONVERSION = YES;
				CLANG_WARN_INFINITE_RECURSION = YES;
				CLANG_WARN_INT_CONVERSION = YES;
				CLANG_WARN_NON_LITERAL_NULL_CONVERSION = YES;
				CLANG_WARN_OBJC_IMPLICIT_RETAIN_SELF = YES;
				CLANG_WARN_OBJC_LITERAL_CONVERSION = YES;
				CLANG_WARN_OBJC_ROOT_CLASS = YES_ERROR;
				CLANG_WARN_QUOTED_INCLUDE_IN_FRAMEWORK_HEADER = YES;
				CLANG_WARN_RANGE_LOOP_ANALYSIS = YES;
				CLANG_WARN_STRICT_PROTOTYPES = YES;
				CLANG_WARN_SUSPICIOUS_MOVE = YES;
				CLANG_WARN_UNGUARDED_AVAILABILITY = YES_AGGRESSIVE;
				CLANG_WARN_UNREACHABLE_CODE = YES;
				CLANG_WARN__DUPLICATE_METHOD_MATCH = YES;
				COPY_PHASE_STRIP = NO;
				DEBUG_INFORMATION_FORMAT = "dwarf-with-dsym";
				ENABLE_NS_ASSERTIONS = NO;
				ENABLE_STRICT_OBJC_MSGSEND = YES;
				ENABLE_USER_SCRIPT_SANDBOXING = YES;
				GCC_C_LANGUAGE_STANDARD = gnu17;
				GCC_NO_COMMON_BLOCKS = YES;
				GCC_WARN_64_TO_32_BIT_CONVERSION = YES;
				GCC_WARN_ABOUT_RETURN_TYPE = YES_ERROR;
				GCC_WARN_UNDECLARED_SELECTOR = YES;
				GCC_WARN_UNINITIALIZED_AUTOS = YES_AGGRESSIVE;
				GCC_WARN_UNUSED_FUNCTION = YES;
				GCC_WARN_UNUSED_VARIABLE = YES;
				LOCALIZATION_PREFERS_STRING_CATALOGS = YES;
				MACOSX_DEPLOYMENT_TARGET = 15.6;
				MTL_ENABLE_DEBUG_INFO = NO;
				MTL_FAST_MATH = YES;
				SDKROOT = macosx;
				SWIFT_COMPILATION_MODE = wholemodule;
			};
			name = Release;
		};
		9932A82B2E823C67001C0FFE /* Debug */ = {
			isa = XCBuildConfiguration;
			buildSettings = {
				ASSETCATALOG_COMPILER_APPICON_NAME = AppIcon;
				ASSETCATALOG_COMPILER_GLOBAL_ACCENT_COLOR_NAME = AccentColor;
				CLANG_ENABLE_MODULES = YES;
				CODE_SIGN_ENTITLEMENTS = DevReader.entitlements;
				CODE_SIGN_STYLE = Automatic;
				COMBINE_HIDPI_IMAGES = YES;
				CURRENT_PROJECT_VERSION = 1;
				ENABLE_APP_SANDBOX = YES;
				ENABLE_HARDENED_RUNTIME = YES;
				ENABLE_PREVIEWS = YES;
				ENABLE_USER_SELECTED_FILES = readwrite;
				GENERATE_INFOPLIST_FILE = YES;
				INFOPLIST_KEY_NSHumanReadableCopyright = "";
				LD_RUNPATH_SEARCH_PATHS = (
					"$(inherited)",
					"@executable_path/../Frameworks",
				);
				MARKETING_VERSION = 1.0;
				PRODUCT_BUNDLE_IDENTIFIER = dev.local.chace.DevReader;
				PRODUCT_NAME = "$(TARGET_NAME)";
				REGISTER_APP_GROUPS = YES;
				STRING_CATALOG_GENERATE_SYMBOLS = YES;
				SWIFT_APPROACHABLE_CONCURRENCY = YES;
				SWIFT_DEFAULT_ACTOR_ISOLATION = MainActor;
				SWIFT_EMIT_LOC_STRINGS = YES;
				SWIFT_OPTIMIZATION_LEVEL = "-Onone";
				SWIFT_UPCOMING_FEATURE_MEMBER_IMPORT_VISIBILITY = YES;
				SWIFT_VERSION = 5.0;
			};
			name = Debug;
		};
		9932A82C2E823C67001C0FFE /* Release */ = {
			isa = XCBuildConfiguration;
			buildSettings = {
				ASSETCATALOG_COMPILER_APPICON_NAME = AppIcon;
				ASSETCATALOG_COMPILER_GLOBAL_ACCENT_COLOR_NAME = AccentColor;
				CLANG_ENABLE_MODULES = YES;
				CODE_SIGN_ENTITLEMENTS = DevReader.entitlements;
				CODE_SIGN_STYLE = Automatic;
				COMBINE_HIDPI_IMAGES = YES;
				CURRENT_PROJECT_VERSION = 1;
				ENABLE_APP_SANDBOX = YES;
				ENABLE_HARDENED_RUNTIME = YES;
				ENABLE_PREVIEWS = YES;
				ENABLE_USER_SELECTED_FILES = readwrite;
				GENERATE_INFOPLIST_FILE = YES;
				INFOPLIST_KEY_NSHumanReadableCopyright = "";
				LD_RUNPATH_SEARCH_PATHS = (
					"$(inherited)",
					"@executable_path/../Frameworks",
				);
				MARKETING_VERSION = 1.0;
				PRODUCT_BUNDLE_IDENTIFIER = dev.local.chace.DevReader;
				PRODUCT_NAME = "$(TARGET_NAME)";
				REGISTER_APP_GROUPS = YES;
				STRING_CATALOG_GENERATE_SYMBOLS = YES;
				SWIFT_APPROACHABLE_CONCURRENCY = YES;
				SWIFT_DEFAULT_ACTOR_ISOLATION = MainActor;
				SWIFT_EMIT_LOC_STRINGS = YES;
				SWIFT_UPCOMING_FEATURE_MEMBER_IMPORT_VISIBILITY = YES;
				SWIFT_VERSION = 5.0;
			};
			name = Release;
		};
		9932A82E2E823C67001C0FFE /* Debug */ = {
			isa = XCBuildConfiguration;
			buildSettings = {
				BUNDLE_LOADER = "$(TEST_HOST)";
				CODE_SIGN_STYLE = Automatic;
				CURRENT_PROJECT_VERSION = 1;
				GENERATE_INFOPLIST_FILE = YES;
				MACOSX_DEPLOYMENT_TARGET = 15.6;
				MARKETING_VERSION = 1.0;
				PRODUCT_BUNDLE_IDENTIFIER = dev.local.chace.DevReaderTests;
				PRODUCT_NAME = "$(TARGET_NAME)";
				STRING_CATALOG_GENERATE_SYMBOLS = NO;
				SWIFT_APPROACHABLE_CONCURRENCY = YES;
				SWIFT_EMIT_LOC_STRINGS = NO;
				SWIFT_UPCOMING_FEATURE_MEMBER_IMPORT_VISIBILITY = YES;
				SWIFT_VERSION = 5.0;
				TEST_HOST = "$(BUILT_PRODUCTS_DIR)/DevReader.app/$(BUNDLE_EXECUTABLE_FOLDER_PATH)/DevReader";
			};
			name = Debug;
		};
		9932A82F2E823C67001C0FFE /* Release */ = {
			isa = XCBuildConfiguration;
			buildSettings = {
				BUNDLE_LOADER = "$(TEST_HOST)";
				CODE_SIGN_STYLE = Automatic;
				CURRENT_PROJECT_VERSION = 1;
				GENERATE_INFOPLIST_FILE = YES;
				MACOSX_DEPLOYMENT_TARGET = 15.6;
				MARKETING_VERSION = 1.0;
				PRODUCT_BUNDLE_IDENTIFIER = dev.local.chace.DevReaderTests;
				PRODUCT_NAME = "$(TARGET_NAME)";
				STRING_CATALOG_GENERATE_SYMBOLS = NO;
				SWIFT_APPROACHABLE_CONCURRENCY = YES;
				SWIFT_EMIT_LOC_STRINGS = NO;
				SWIFT_UPCOMING_FEATURE_MEMBER_IMPORT_VISIBILITY = YES;
				SWIFT_VERSION = 5.0;
				TEST_HOST = "$(BUILT_PRODUCTS_DIR)/DevReader.app/$(BUNDLE_EXECUTABLE_FOLDER_PATH)/DevReader";
			};
			name = Release;
		};
		9932A8312E823C67001C0FFE /* Debug */ = {
			isa = XCBuildConfiguration;
			buildSettings = {
				CODE_SIGN_STYLE = Automatic;
				CURRENT_PROJECT_VERSION = 1;
				GENERATE_INFOPLIST_FILE = YES;
				MARKETING_VERSION = 1.0;
				PRODUCT_BUNDLE_IDENTIFIER = dev.local.chace.DevReaderUITests;
				PRODUCT_NAME = "$(TARGET_NAME)";
				STRING_CATALOG_GENERATE_SYMBOLS = NO;
				SWIFT_APPROACHABLE_CONCURRENCY = YES;
				SWIFT_EMIT_LOC_STRINGS = NO;
				SWIFT_UPCOMING_FEATURE_MEMBER_IMPORT_VISIBILITY = YES;
				SWIFT_VERSION = 5.0;
				TEST_TARGET_NAME = DevReader;
			};
			name = Debug;
		};
		9932A8322E823C67001C0FFE /* Release */ = {
			isa = XCBuildConfiguration;
			buildSettings = {
				CODE_SIGN_STYLE = Automatic;
				CURRENT_PROJECT_VERSION = 1;
				GENERATE_INFOPLIST_FILE = YES;
				MARKETING_VERSION = 1.0;
				PRODUCT_BUNDLE_IDENTIFIER = dev.local.chace.DevReaderUITests;
				PRODUCT_NAME = "$(TARGET_NAME)";
				STRING_CATALOG_GENERATE_SYMBOLS = NO;
				SWIFT_APPROACHABLE_CONCURRENCY = YES;
				SWIFT_EMIT_LOC_STRINGS = NO;
				SWIFT_UPCOMING_FEATURE_MEMBER_IMPORT_VISIBILITY = YES;
				SWIFT_VERSION = 5.0;
				TEST_TARGET_NAME = DevReader;
			};
			name = Release;
		};
/* End XCBuildConfiguration section */

/* Begin XCConfigurationList section */
		9932A8042E823C66001C0FFE /* Build configuration list for PBXProject "DevReader" */ = {
			isa = XCConfigurationList;
			buildConfigurations = (
				9932A8282E823C67001C0FFE /* Debug */,
				9932A8292E823C67001C0FFE /* Release */,
			);
			defaultConfigurationIsVisible = 0;
			defaultConfigurationName = Release;
		};
		9932A82A2E823C67001C0FFE /* Build configuration list for PBXNativeTarget "DevReader" */ = {
			isa = XCConfigurationList;
			buildConfigurations = (
				9932A82B2E823C67001C0FFE /* Debug */,
				9932A82C2E823C67001C0FFE /* Release */,
			);
			defaultConfigurationIsVisible = 0;
			defaultConfigurationName = Release;
		};
		9932A82D2E823C67001C0FFE /* Build configuration list for PBXNativeTarget "DevReaderTests" */ = {
			isa = XCConfigurationList;
			buildConfigurations = (
				9932A82E2E823C67001C0FFE /* Debug */,
				9932A82F2E823C67001C0FFE /* Release */,
			);
			defaultConfigurationIsVisible = 0;
			defaultConfigurationName = Release;
		};
		9932A8302E823C67001C0FFE /* Build configuration list for PBXNativeTarget "DevReaderUITests" */ = {
			isa = XCConfigurationList;
			buildConfigurations = (
				9932A8312E823C67001C0FFE /* Debug */,
				9932A8322E823C67001C0FFE /* Release */,
			);
			defaultConfigurationIsVisible = 0;
			defaultConfigurationName = Release;
		};
/* End XCConfigurationList section */
	};
	rootObject = 9932A8012E823C66001C0FFE /* Project object */;
}
